<?xml version="1.0" encoding="utf-8"?>
<Project ToolsVersion="4.0" xmlns="http://schemas.microsoft.com/developer/msbuild/2003">
  <ItemGroup>
    <Filter Include="Resource Files">
      <UniqueIdentifier>{67DA6AB6-F800-4c08-8B7A-83BB121AAD01}</UniqueIdentifier>
      <Extensions>rc;ico;cur;bmp;dlg;rc2;rct;bin;rgs;gif;jpg;jpeg;jpe;resx;tiff;tif;png;wav;mfcribbon-ms</Extensions>
    </Filter>
    <Filter Include="Game">
      <UniqueIdentifier>{43515fd8-f1e4-4980-a268-9492763ba680}</UniqueIdentifier>
    </Filter>
    <Filter Include="Thing2D">
      <UniqueIdentifier>{e037112d-b460-49b3-8f06-8c20644800dd}</UniqueIdentifier>
    </Filter>
    <Filter Include="Thing2D\Tiled">
      <UniqueIdentifier>{4e94db2e-4fdc-418f-8850-295b95c58223}</UniqueIdentifier>
    </Filter>
  </ItemGroup>
  <ItemGroup>
    <None Include="packages.config" />
  </ItemGroup>
  <ItemGroup>
    <ClCompile Include="Thing2D\Animation.cpp">
      <Filter>Thing2D</Filter>
    </ClCompile>
    <ClCompile Include="Thing2D\AudioManager.cpp">
      <Filter>Thing2D</Filter>
    </ClCompile>
    <ClCompile Include="Thing2D\Game.cpp">
      <Filter>Thing2D</Filter>
    </ClCompile>
    <ClCompile Include="Thing2D\GameObject.cpp">
      <Filter>Thing2D</Filter>
    </ClCompile>
    <ClCompile Include="Thing2D\Group.cpp">
      <Filter>Thing2D</Filter>
    </ClCompile>
    <ClCompile Include="Thing2D\InputManager.cpp">
      <Filter>Thing2D</Filter>
    </ClCompile>
    <ClCompile Include="Thing2D\Layer.cpp">
      <Filter>Thing2D</Filter>
    </ClCompile>
    <ClCompile Include="Thing2D\Sprite.cpp">
      <Filter>Thing2D</Filter>
    </ClCompile>
    <ClCompile Include="Thing2D\State.cpp">
      <Filter>Thing2D</Filter>
    </ClCompile>
    <ClCompile Include="Thing2D\VideoManager.cpp">
      <Filter>Thing2D</Filter>
    </ClCompile>
    <ClCompile Include="Thing2D\Tiled\MapLoader.cpp">
      <Filter>Thing2D\Tiled</Filter>
    </ClCompile>
    <ClCompile Include="Thing2D\Tiled\TileLayer.cpp">
      <Filter>Thing2D\Tiled</Filter>
    </ClCompile>
    <ClCompile Include="Game\Player.cpp">
      <Filter>Game</Filter>
    </ClCompile>
    <ClCompile Include="Game\PlayState.cpp">
      <Filter>Game</Filter>
    </ClCompile>
    <ClCompile Include="Game\Shooter.cpp">
      <Filter>Game</Filter>
    </ClCompile>
    <ClCompile Include="Thing2D\Tiled\base64.cpp">
      <Filter>Thing2D\Tiled</Filter>
    </ClCompile>
  </ItemGroup>
  <ItemGroup>
    <ClInclude Include="Thing2D\Animation.h">
      <Filter>Thing2D</Filter>
    </ClInclude>
    <ClInclude Include="Thing2D\AnimationFrame.h">
      <Filter>Thing2D</Filter>
    </ClInclude>
    <ClInclude Include="Thing2D\AudioManager.h">
      <Filter>Thing2D</Filter>
    </ClInclude>
    <ClInclude Include="Thing2D\Collider.h">
      <Filter>Thing2D</Filter>
    </ClInclude>
    <ClInclude Include="Thing2D\Color.h">
      <Filter>Thing2D</Filter>
    </ClInclude>
    <ClInclude Include="Thing2D\EntryPoint.h">
      <Filter>Thing2D</Filter>
    </ClInclude>
    <ClInclude Include="Thing2D\Game.h">
      <Filter>Thing2D</Filter>
    </ClInclude>
    <ClInclude Include="Thing2D\GameObject.h">
      <Filter>Thing2D</Filter>
    </ClInclude>
    <ClInclude Include="Thing2D\Group.h">
      <Filter>Thing2D</Filter>
    </ClInclude>
    <ClInclude Include="Thing2D\InputManager.h">
      <Filter>Thing2D</Filter>
    </ClInclude>
    <ClInclude Include="Thing2D\Layer.h">
      <Filter>Thing2D</Filter>
    </ClInclude>
    <ClInclude Include="Thing2D\Logger.h">
      <Filter>Thing2D</Filter>
    </ClInclude>
    <ClInclude Include="Thing2D\Rect.h">
      <Filter>Thing2D</Filter>
    </ClInclude>
    <ClInclude Include="Thing2D\Sprite.h">
      <Filter>Thing2D</Filter>
    </ClInclude>
    <ClInclude Include="Thing2D\State.h">
      <Filter>Thing2D</Filter>
    </ClInclude>
    <ClInclude Include="Thing2D\Thing2D.h">
      <Filter>Thing2D</Filter>
    </ClInclude>
    <ClInclude Include="Thing2D\Timer.h">
      <Filter>Thing2D</Filter>
    </ClInclude>
    <ClInclude Include="Thing2D\Vector.h">
      <Filter>Thing2D</Filter>
    </ClInclude>
    <ClInclude Include="Thing2D\VideoManager.h">
      <Filter>Thing2D</Filter>
    </ClInclude>
    <ClInclude Include="Thing2D\Tiled\Map.h">
      <Filter>Thing2D\Tiled</Filter>
    </ClInclude>
    <ClInclude Include="Thing2D\Tiled\MapLoader.h">
      <Filter>Thing2D\Tiled</Filter>
    </ClInclude>
    <ClInclude Include="Thing2D\Tiled\Props.h">
      <Filter>Thing2D\Tiled</Filter>
    </ClInclude>
    <ClInclude Include="Thing2D\Tiled\Tile.h">
      <Filter>Thing2D\Tiled</Filter>
    </ClInclude>
    <ClInclude Include="Thing2D\Tiled\Tiled.h">
      <Filter>Thing2D\Tiled</Filter>
    </ClInclude>
    <ClInclude Include="Thing2D\Tiled\TileLayer.h">
      <Filter>Thing2D\Tiled</Filter>
    </ClInclude>
    <ClInclude Include="Thing2D\Tiled\TileSet.h">
      <Filter>Thing2D\Tiled</Filter>
    </ClInclude>
    <ClInclude Include="Game\Enemy.h">
      <Filter>Game</Filter>
    </ClInclude>
    <ClInclude Include="Game\Player.h">
      <Filter>Game</Filter>
    </ClInclude>
    <ClInclude Include="Game\PlayState.h">
      <Filter>Game</Filter>
    </ClInclude>
    <ClInclude Include="Game\Shooter.h">
      <Filter>Game</Filter>
    </ClInclude>
    <ClInclude Include="Game\Shot.h">
      <Filter>Game</Filter>
    </ClInclude>
    <ClInclude Include="Thing2D\Tiled\base64.h">
      <Filter>Thing2D\Tiled</Filter>
    </ClInclude>
  </ItemGroup>
</Project>