<?xml version="1.0" encoding="utf-8"?>
<Project ToolsVersion="4.0" xmlns="http://schemas.microsoft.com/developer/msbuild/2003">
  <ItemGroup>
    <Filter Include="Resource Files">
      <UniqueIdentifier>{67DA6AB6-F800-4c08-8B7A-83BB121AAD01}</UniqueIdentifier>
      <Extensions>rc;ico;cur;bmp;dlg;rc2;rct;bin;rgs;gif;jpg;jpeg;jpe;resx;tiff;tif;png;wav;mfcribbon-ms</Extensions>
    </Filter>
    <Filter Include="Framework">
      <UniqueIdentifier>{93995380-89BD-4b04-88EB-625FBE52EBFB}</UniqueIdentifier>
      <Extensions>h;hh;hpp;hxx;hm;inl;inc;ipp;xsd</Extensions>
    </Filter>
    <Filter Include="Game">
      <UniqueIdentifier>{4FC737F1-C7A5-4376-A066-2A32D752A2FF}</UniqueIdentifier>
      <Extensions>cpp;c;cc;cxx;def;odl;idl;hpj;bat;asm;asmx</Extensions>
    </Filter>
  </ItemGroup>
  <ItemGroup>
    <ClCompile Include="game\Player.cpp">
      <Filter>Game</Filter>
    </ClCompile>
    <ClCompile Include="game\PlayState.cpp">
      <Filter>Game</Filter>
    </ClCompile>
    <ClCompile Include="game\SpaceShooter.cpp">
      <Filter>Game</Filter>
    </ClCompile>
    <ClCompile Include="framework\AudioManager.cpp">
      <Filter>Framework</Filter>
    </ClCompile>
    <ClCompile Include="framework\Game.cpp">
      <Filter>Framework</Filter>
    </ClCompile>
    <ClCompile Include="framework\GameObject.cpp">
      <Filter>Framework</Filter>
    </ClCompile>
    <ClCompile Include="framework\Group.cpp">
      <Filter>Framework</Filter>
    </ClCompile>
    <ClCompile Include="framework\InputManager.cpp">
      <Filter>Framework</Filter>
    </ClCompile>
    <ClCompile Include="framework\Sprite.cpp">
      <Filter>Framework</Filter>
    </ClCompile>
    <ClCompile Include="framework\VideoManager.cpp">
      <Filter>Framework</Filter>
    </ClCompile>
    <ClCompile Include="game\main.cpp">
      <Filter>Game</Filter>
    </ClCompile>
    <ClCompile Include="framework\Animation.cpp">
      <Filter>Framework</Filter>
    </ClCompile>
    <ClCompile Include="framework\State.cpp">
      <Filter>Framework</Filter>
    </ClCompile>
  </ItemGroup>
  <ItemGroup>
    <ClInclude Include="framework\AudioManager.h">
      <Filter>Framework</Filter>
    </ClInclude>
    <ClInclude Include="framework\Game.h">
      <Filter>Framework</Filter>
    </ClInclude>
    <ClInclude Include="framework\GameObject.h">
      <Filter>Framework</Filter>
    </ClInclude>
    <ClInclude Include="framework\Group.h">
      <Filter>Framework</Filter>
    </ClInclude>
    <ClInclude Include="framework\InputManager.h">
      <Filter>Framework</Filter>
    </ClInclude>
    <ClInclude Include="framework\Logger.h">
      <Filter>Framework</Filter>
    </ClInclude>
    <ClInclude Include="framework\Rect.h">
      <Filter>Framework</Filter>
    </ClInclude>
    <ClInclude Include="framework\Sprite.h">
      <Filter>Framework</Filter>
    </ClInclude>
    <ClInclude Include="framework\State.h">
      <Filter>Framework</Filter>
    </ClInclude>
    <ClInclude Include="framework\Thing2D.h">
      <Filter>Framework</Filter>
    </ClInclude>
    <ClInclude Include="framework\Vector.h">
      <Filter>Framework</Filter>
    </ClInclude>
    <ClInclude Include="framework\VideoManager.h">
      <Filter>Framework</Filter>
    </ClInclude>
    <ClInclude Include="game\SpaceShooter.h">
      <Filter>Game</Filter>
    </ClInclude>
    <ClInclude Include="game\Player.h">
      <Filter>Game</Filter>
    </ClInclude>
    <ClInclude Include="game\PlayState.h">
      <Filter>Game</Filter>
    </ClInclude>
    <ClInclude Include="game\Enemy.h">
      <Filter>Game</Filter>
    </ClInclude>
    <ClInclude Include="framework\Box.h">
      <Filter>Framework</Filter>
    </ClInclude>
    <ClInclude Include="framework\Color.h">
      <Filter>Framework</Filter>
    </ClInclude>
    <ClInclude Include="framework\Shot.h">
      <Filter>Game</Filter>
    </ClInclude>
    <ClInclude Include="framework\AnimationFrame.h">
      <Filter>Framework</Filter>
    </ClInclude>
    <ClInclude Include="framework\Animation.h">
      <Filter>Framework</Filter>
    </ClInclude>
    <ClInclude Include="framework\Timer.h">
      <Filter>Framework</Filter>
    </ClInclude>
    <ClInclude Include="framework\Recycle.h">
      <Filter>Framework</Filter>
    </ClInclude>
  </ItemGroup>
  <ItemGroup>
    <None Include="packages.config" />
  </ItemGroup>
</Project>